version = 1
revision = 1
requires-python = ">=3.10"

[[package]]
name = "click"
version = "8.1.8"
source = { registry = "https://pypi.org/simple" }
dependencies = [
    { name = "colorama", marker = "sys_platform == 'win32'" },
]
sdist = { url = "https://files.pythonhosted.org/packages/b9/2e/0090cbf739cee7d23781ad4b89a9894a41538e4fcf4c31dcdd705b78eb8b/click-8.1.8.tar.gz", hash = "sha256:ed53c9d8990d83c2a27deae68e4ee337473f6330c040a31d4225c9574d16096a", size = 226593 }
wheels = [
    { url = "https://files.pythonhosted.org/packages/7e/d4/7ebdbd03970677812aac39c869717059dbb71a4cfc033ca6e5221787892c/click-8.1.8-py3-none-any.whl", hash = "sha256:63c132bbbed01578a06712a2d1f497bb62d9c1c0d329b7903a866228027263b2", size = 98188 },
]

[[package]]
name = "colorama"
version = "0.4.6"
source = { registry = "https://pypi.org/simple" }
sdist = { url = "https://files.pythonhosted.org/packages/d8/53/6f443c9a4a8358a93a6792e2acffb9d9d5cb0a5cfd8802644b7b1c9a02e4/colorama-0.4.6.tar.gz", hash = "sha256:08695f5cb7ed6e0531a20572697297273c47b8cae5a63ffc6d6ed5c201be6e44", size = 27697 }
wheels = [
    { url = "https://files.pythonhosted.org/packages/d1/d6/3965ed04c63042e047cb6a3e6ed1a63a35087b6a609aa3a15ed8ac56c221/colorama-0.4.6-py2.py3-none-any.whl", hash = "sha256:4f1d9991f5acc0ca119f9d443620b77f9d6b33703e51011c16baf57afb285fc6", size = 25335 },
]

[[package]]
name = "pyqt5"
version = "5.15.9"
source = { registry = "https://pypi.org/simple" }
dependencies = [
    { name = "pyqt5-qt5" },
    { name = "pyqt5-sip" },
]
sdist = { url = "https://files.pythonhosted.org/packages/5c/46/b4b6eae1e24d9432905ef1d4e7c28b6610e28252527cdc38f2a75997d8b5/PyQt5-5.15.9.tar.gz", hash = "sha256:dc41e8401a90dc3e2b692b411bd5492ab559ae27a27424eed4bd3915564ec4c0", size = 3241160 }
wheels = [
    { url = "https://files.pythonhosted.org/packages/77/c7/82f92662afdd85b69d126353d498f71e0fce03cbf1c01b700e0e495adf16/PyQt5-5.15.9-cp37-abi3-macosx_10_13_x86_64.whl", hash = "sha256:883ba5c8a348be78c8be6a3d3ba014c798e679503bce00d76c666c2dc6afe828", size = 7043123 },
    { url = "https://files.pythonhosted.org/packages/28/99/78db05e606dbb4a9425c159e7f1f64b69683c16ee3dcd0f97ed9ede6b205/PyQt5-5.15.9-cp37-abi3-manylinux_2_17_x86_64.whl", hash = "sha256:dd5ce10e79fbf1df29507d2daf99270f2057cdd25e4de6fbf2052b46c652e3a5", size = 8401684 },
    { url = "https://files.pythonhosted.org/packages/f3/b5/00a3c80a4c738e92e9d9e144c9bb5bd9d0842bac5517c63d42e7c9633826/PyQt5-5.15.9-cp37-abi3-win32.whl", hash = "sha256:e45c5cc15d4fd26ab5cb0e5cdba60691a3e9086411f8e3662db07a5a4222a696", size = 5424142 },
    { url = "https://files.pythonhosted.org/packages/55/5d/8df8a2aa0de6588965d048fca9306cf15a5801be3078f195e8f8f41fa863/PyQt5-5.15.9-cp37-abi3-win_amd64.whl", hash = "sha256:e030d795df4cbbfcf4f38b18e2e119bcc9e177ef658a5094b87bb16cac0ce4c5", size = 6841448 },
]

[[package]]
name = "pyqt5-plugins"
version = "5.15.9.2.3"
source = { registry = "https://pypi.org/simple" }
dependencies = [
    { name = "click" },
    { name = "pyqt5" },
    { name = "pyqt5-qt5" },
    { name = "qt5-tools" },
]
wheels = [
    { url = "https://files.pythonhosted.org/packages/66/01/bbadae4076b0d96174d26f93d45676f92dc6a3387c7228ed7e6dff333612/pyqt5_plugins-5.15.9.2.3-cp310-cp310-macosx_11_0_x86_64.whl", hash = "sha256:798b9f7d212972ac3940425d0cfe3a90669520b29b113da9d63a0996b7e121f4", size = 59209 },
    { url = "https://files.pythonhosted.org/packages/67/b5/93e6e22d6829fe090436ad8d330ddb6c6911ae4c9de2e83238b7937e9092/pyqt5_plugins-5.15.9.2.3-cp310-cp310-manylinux2014_x86_64.whl", hash = "sha256:a818862de6a19965fca26174d462097829f523e177025e96c415e0389d212616", size = 68451 },
    { url = "https://files.pythonhosted.org/packages/bd/95/e343e662e951f90b50ba2b2c3059405d06dff439403001cfe24568c92524/pyqt5_plugins-5.15.9.2.3-cp310-cp310-win32.whl", hash = "sha256:a1abd0aaaf4bb1c0d35ed33eba9707f2212a235f45bf9bd103e65d60147d8865", size = 64714 },
    { url = "https://files.pythonhosted.org/packages/42/0b/1499fabac51e183350b05c81b9e059e77dfc63c5aa74eab8ce50f9836a3f/pyqt5_plugins-5.15.9.2.3-cp310-cp310-win_amd64.whl", hash = "sha256:b3f2c1598a171c36bcc78f68d58370e6876afacdda66e0c1e2c1ce861907a7c9", size = 66802 },
    { url = "https://files.pythonhosted.org/packages/e7/be/b6cb8bd5b2e05e74178e9bb2b2ecdce76b2067bac41919aff80cb8b17ad0/pyqt5_plugins-5.15.9.2.3-cp311-cp311-macosx_10_13_universal2.whl", hash = "sha256:078b1564a54c1549e40a87c32deb9cf9e77d72f004cd0f5f42a2acfd4d6aea36", size = 59121 },
    { url = "https://files.pythonhosted.org/packages/fe/2b/11790a554b49d590cb02b466ea496670b2291c3e828bb9576219d812d0f8/pyqt5_plugins-5.15.9.2.3-cp311-cp311-manylinux2014_x86_64.whl", hash = "sha256:c883469f6d17859c8991d44d72fff6b2b9e3fa18b371c86ff002afb5e790f9c6", size = 68457 },
    { url = "https://files.pythonhosted.org/packages/b1/56/616d43b195330f0f322a36fee70a0bea55b641baf57afc58b383d870f471/pyqt5_plugins-5.15.9.2.3-cp311-cp311-win32.whl", hash = "sha256:f48754c09ed46a0b6305109c0c19ed7cd8b13925ba81ef2df2e8a870437b3aa7", size = 64715 },
    { url = "https://files.pythonhosted.org/packages/cd/29/b9e0ad2d345b425a111f22eac83e45c68afe8d3475a0adabc2da5dbfa5b3/pyqt5_plugins-5.15.9.2.3-cp311-cp311-win_amd64.whl", hash = "sha256:1d9acf423062c6694a5e68782fb54ce90355481d33281c9193da45c43426853c", size = 66790 },
]

[[package]]
name = "pyqt5-qt5"
version = "5.15.2"
source = { registry = "https://pypi.org/simple" }
wheels = [
    { url = "https://files.pythonhosted.org/packages/62/09/99a222b0360616250fb2e6003a54e43a2a06b0774f0f8d5daafb86a2c375/PyQt5_Qt5-5.15.2-py3-none-macosx_10_13_intel.whl", hash = "sha256:76980cd3d7ae87e3c7a33bfebfaee84448fd650bad6840471d6cae199b56e154", size = 40546019 },
    { url = "https://files.pythonhosted.org/packages/83/d4/241a6a518d0bcf0a9fcdcbad5edfed18d43e884317eab8d5230a2b27e206/PyQt5_Qt5-5.15.2-py3-none-manylinux2014_x86_64.whl", hash = "sha256:1988f364ec8caf87a6ee5d5a3a5210d57539988bf8e84714c7d60972692e2f4a", size = 59921716 },
    { url = "https://files.pythonhosted.org/packages/1c/7e/ce7c66a541a105fa98b41d6405fe84940564695e29fc7dccf6d9e8c5f898/PyQt5_Qt5-5.15.2-py3-none-win32.whl", hash = "sha256:9cc7a768b1921f4b982ebc00a318ccb38578e44e45316c7a4a850e953e1dd327", size = 43447358 },
    { url = "https://files.pythonhosted.org/packages/37/97/5d3b222b924fa2ed4c2488925155cd0b03fd5d09ee1cfcf7c553c11c9f66/PyQt5_Qt5-5.15.2-py3-none-win_amd64.whl", hash = "sha256:750b78e4dba6bdf1607febedc08738e318ea09e9b10aea9ff0d73073f11f6962", size = 50075158 },
]

[[package]]
name = "pyqt5-sip"
version = "12.17.0"
source = { registry = "https://pypi.org/simple" }
sdist = { url = "https://files.pythonhosted.org/packages/01/79/086b50414bafa71df494398ad277d72e58229a3d1c1b1c766d12b14c2e6d/pyqt5_sip-12.17.0.tar.gz", hash = "sha256:682dadcdbd2239af9fdc0c0628e2776b820e128bec88b49b8d692fe682f90b4f", size = 104042 }
wheels = [
    { url = "https://files.pythonhosted.org/packages/6b/23/1da570b7e143b6d216728c919cae2976f7dbff65db94e3d9f5b62df37ba5/PyQt5_sip-12.17.0-cp310-cp310-macosx_10_9_universal2.whl", hash = "sha256:ec47914cc751608e587c1c2fdabeaf4af7fdc28b9f62796c583bea01c1a1aa3e", size = 122696 },
    { url = "https://files.pythonhosted.org/packages/61/d5/506b1c3ad06268c601276572f1cde1c0dffd074b44e023f4d80f5ea49265/PyQt5_sip-12.17.0-cp310-cp310-manylinux_2_5_x86_64.manylinux1_x86_64.whl", hash = "sha256:2f2a8dcc7626fe0da73a0918e05ce2460c7a14ddc946049310e6e35052105434", size = 270932 },
    { url = "https://files.pythonhosted.org/packages/0b/9b/46159d8038374b076244a1930ead460e723453ec73f9b0330390ddfdd0ea/PyQt5_sip-12.17.0-cp310-cp310-win32.whl", hash = "sha256:0c75d28b8282be3c1d7dbc76950d6e6eba1e334783224e9b9835ce1a9c64f482", size = 49085 },
    { url = "https://files.pythonhosted.org/packages/fe/66/b3eb937a620ce2a5db5c377beeca870d60fafd87aecc1bcca6921bbcf553/PyQt5_sip-12.17.0-cp310-cp310-win_amd64.whl", hash = "sha256:8c4bc535bae0dfa764e8534e893619fe843ce5a2e25f901c439bcb960114f686", size = 59040 },
    { url = "https://files.pythonhosted.org/packages/52/fd/7d6e3deca5ce37413956faf4e933ce6beb87ac0cc7b26d934b5ed998f88a/PyQt5_sip-12.17.0-cp311-cp311-macosx_10_9_universal2.whl", hash = "sha256:2c912807dd638644168ea8c7a447bfd9d85a19471b98c2c588c4d2e911c09b0a", size = 122748 },
    { url = "https://files.pythonhosted.org/packages/29/4d/e5981cde03b091fd83a1ef4ef6a4ca99ce6921d61b80c0222fc8eafdc99a/PyQt5_sip-12.17.0-cp311-cp311-manylinux_2_5_x86_64.manylinux1_x86_64.whl", hash = "sha256:71514a7d43b44faa1d65a74ad2c5da92c03a251bdc749f009c313f06cceacc9a", size = 276401 },
    { url = "https://files.pythonhosted.org/packages/5f/30/4c282896b1e8841639cf2aca59acf57d8b261ed834ae976c959f25fa4a35/PyQt5_sip-12.17.0-cp311-cp311-win32.whl", hash = "sha256:023466ae96f72fbb8419b44c3f97475de6642fa5632520d0f50fc1a52a3e8200", size = 49091 },
    { url = "https://files.pythonhosted.org/packages/24/c1/50fc7301aa39a50f451fc1b6b219e778c540a823fe9533a57b4793c859fd/PyQt5_sip-12.17.0-cp311-cp311-win_amd64.whl", hash = "sha256:fb565469d08dcb0a427def0c45e722323beb62db79454260482b6948bfd52d47", size = 59036 },
    { url = "https://files.pythonhosted.org/packages/a3/e6/e51367c28d69b5a462f38987f6024e766fd8205f121fe2f4d8ba2a6886b9/PyQt5_sip-12.17.0-cp312-cp312-macosx_10_9_universal2.whl", hash = "sha256:ea08341c8a5da00c81df0d689ecd4ee47a95e1ecad9e362581c92513f2068005", size = 124650 },
    { url = "https://files.pythonhosted.org/packages/64/3b/e6d1f772b41d8445d6faf86cc9da65910484ebd9f7df83abc5d4955437d0/PyQt5_sip-12.17.0-cp312-cp312-manylinux_2_5_x86_64.manylinux1_x86_64.whl", hash = "sha256:4a92478d6808040fbe614bb61500fbb3f19f72714b99369ec28d26a7e3494115", size = 281893 },
    { url = "https://files.pythonhosted.org/packages/ed/c5/d17fc2ddb9156a593710c88afd98abcf4055a2224b772f8bec2c6eea879c/PyQt5_sip-12.17.0-cp312-cp312-win32.whl", hash = "sha256:b0ff280b28813e9bfd3a4de99490739fc29b776dc48f1c849caca7239a10fc8b", size = 49438 },
    { url = "https://files.pythonhosted.org/packages/fe/c5/1174988d52c732d07033cf9a5067142b01d76be7731c6394a64d5c3ef65c/PyQt5_sip-12.17.0-cp312-cp312-win_amd64.whl", hash = "sha256:54c31de7706d8a9a8c0fc3ea2c70468aba54b027d4974803f8eace9c22aad41c", size = 58017 },
    { url = "https://files.pythonhosted.org/packages/fd/5d/f234e505af1a85189310521447ebc6052ebb697efded850d0f2b2555f7aa/PyQt5_sip-12.17.0-cp313-cp313-macosx_10_13_universal2.whl", hash = "sha256:c7a7ff355e369616b6bcb41d45b742327c104b2bf1674ec79b8d67f8f2fa9543", size = 124580 },
    { url = "https://files.pythonhosted.org/packages/cd/cb/3b2050e9644d0021bdf25ddf7e4c3526e1edd0198879e76ba308e5d44faf/PyQt5_sip-12.17.0-cp313-cp313-manylinux_2_5_x86_64.manylinux1_x86_64.whl", hash = "sha256:419b9027e92b0b707632c370cfc6dc1f3b43c6313242fc4db57a537029bd179c", size = 281563 },
    { url = "https://files.pythonhosted.org/packages/51/61/b8ebde7e0b32d0de44c521a0ace31439885b0423d7d45d010a2f7d92808c/PyQt5_sip-12.17.0-cp313-cp313-win32.whl", hash = "sha256:351beab964a19f5671b2a3e816ecf4d3543a99a7e0650f88a947fea251a7589f", size = 49383 },
    { url = "https://files.pythonhosted.org/packages/15/ed/ff94d6b2910e7627380cb1fc9a518ff966e6d78285c8e54c9422b68305db/PyQt5_sip-12.17.0-cp313-cp313-win_amd64.whl", hash = "sha256:672c209d05661fab8e17607c193bf43991d268a1eefbc2c4551fbf30fd8bb2ca", size = 58022 },
]

[[package]]
name = "pyqt5-tools"
version = "5.15.9.3.3"
source = { registry = "https://pypi.org/simple" }
dependencies = [
    { name = "click" },
    { name = "pyqt5" },
    { name = "pyqt5-plugins" },
    { name = "python-dotenv" },
]
wheels = [
    { url = "https://files.pythonhosted.org/packages/11/7e/3a5bce0e31650e091a16826d7a588be8bd56c2ac30871286b6c90d68ceeb/pyqt5_tools-5.15.9.3.3-py3-none-any.whl", hash = "sha256:4b45b26111c583a34fa364b98d7120f5aeca4f96ac72e251f1b37a9cca809f86", size = 29165 },
]

[[package]]
name = "python-dotenv"
version = "1.1.0"
source = { registry = "https://pypi.org/simple" }
sdist = { url = "https://files.pythonhosted.org/packages/88/2c/7bb1416c5620485aa793f2de31d3df393d3686aa8a8506d11e10e13c5baf/python_dotenv-1.1.0.tar.gz", hash = "sha256:41f90bc6f5f177fb41f53e87666db362025010eb28f60a01c9143bfa33a2b2d5", size = 39920 }
wheels = [
    { url = "https://files.pythonhosted.org/packages/1e/18/98a99ad95133c6a6e2005fe89faedf294a748bd5dc803008059409ac9b1e/python_dotenv-1.1.0-py3-none-any.whl", hash = "sha256:d7c01d9e2293916c18baf562d95698754b0dbbb5e74d457c45d4f6561fb9d55d", size = 20256 },
]

[[package]]
name = "qt5-applications"
version = "5.15.2.2.3"
source = { registry = "https://pypi.org/simple" }
wheels = [
    { url = "https://files.pythonhosted.org/packages/14/32/a2fcd818fe62dfcd24600782c7b71bc7c476406bbb4c5680a992fcb7b9d9/qt5_applications-5.15.2.2.3-py3-none-macosx_10_14_x86_64.whl", hash = "sha256:45395074b742ca6765990d3645d5e24a59415c1d968c40c6a3443da22c621ba8", size = 98367680 },
    { url = "https://files.pythonhosted.org/packages/35/e3/f5ab9980d601e62a75bb4d5d01d2324cb0d2a414f36474e26a83de409548/qt5_applications-5.15.2.2.3-py3-none-manylinux_2_17_x86_64.whl", hash = "sha256:9ac537caf18fc339149391f58e6716c472296df4431d68e76670e75a14238de0", size = 85694098 },
    { url = "https://files.pythonhosted.org/packages/96/32/5f6b843992c28efde2c3dadbe67296064d09c506c2fc9f9ebe76090eb00a/qt5_applications-5.15.2.2.3-py3-none-win32.whl", hash = "sha256:8d4ebdd955653f693edac4697f80e016270efcf861ebb1b8b7e238fd6faba5f5", size = 54471526 },
    { url = "https://files.pythonhosted.org/packages/ae/a9/cd64cda6f58321c4a0021ced80117b225562efc42f1318ff2cea69c23eb7/qt5_applications-5.15.2.2.3-py3-none-win_amd64.whl", hash = "sha256:5156cc710ed3942f736ec2c46889f73d829fcd4093bed8dbddf2fd83929fdf0b", size = 64462445 },
]

[[package]]
name = "qt5-tools"
version = "5.15.2.1.3"
source = { registry = "https://pypi.org/simple" }
dependencies = [
    { name = "click" },
    { name = "qt5-applications" },
]
wheels = [
    { url = "https://files.pythonhosted.org/packages/e2/45/3062d0df2bbc88ee4ea04b1073072b337b9e287c0b4ac12109729b413e2e/qt5_tools-5.15.2.1.3-py3-none-any.whl", hash = "sha256:3e73b7aa3cd03abba6e703aa1d21a5934eff42a068292500a1f02c9bc6da95cb", size = 13756 },
]

[[package]]
name = "scheduling-project"
version = "0.1.0"
source = { virtual = "." }
dependencies = [
    { name = "pyqt5-qt5" },
    { name = "pyqt5-tools" },
]

[package.metadata]
requires-dist = [
    { name = "pyqt5-qt5", specifier = "==5.15.2" },
    { name = "pyqt5-tools", specifier = ">=5.15.9.3.3" },
]
